
Microsoft Visual Studio Solution File, Format Version 12.00
# Visual Studio Version 16
VisualStudioVersion = 16.0.35130.168
MinimumVisualStudioVersion = 10.0.40219.1
Project("{FAE04EC0-301F-11D3-BF4B-00C04F79EFBC}") = "VsSotatek", "VsSotatek\VsSotatek.csproj", "{30DE26BF-58E1-4942-94E2-25902A0F881D}"
EndProject
Global
	GlobalSection(SolutionConfigurationPlatforms) = preSolution
		Debug|Any CPU = Debug|Any CPU
		Release|Any CPU = Release|Any CPU
	EndGlobalSection
	GlobalSection(ProjectConfigurationPlatforms) = postSolution
		{30DE26BF-58E1-4942-94E2-25902A0F881D}.Debug|Any CPU.ActiveCfg = Debug|Any CPU
		{30DE26BF-58E1-4942-94E2-25902A0F881D}.Debug|Any CPU.Build.0 = Debug|Any CPU
		{30DE26BF-58E1-4942-94E2-25902A0F881D}.Release|Any CPU.ActiveCfg = Release|Any CPU
		{30DE26BF-58E1-4942-94E2-25902A0F881D}.Release|Any CPU.Build.0 = Release|Any CPU
	EndGlobalSection
	GlobalSection(SolutionProperties) = preSolution
		HideSolutionNode = FALSE
	EndGlobalSection
	GlobalSection(ExtensibilityGlobals) = postSolution
		SolutionGuid = {8886ED35-D737-4307-9ADC-0A19E81C6593}
	EndGlobalSection
EndGlobal
